
Microsoft Visual Studio Solution File, Format Version 12.00
# Visual Studio Version 17
VisualStudioVersion = 17.13.35825.156 d17.13
MinimumVisualStudioVersion = 10.0.40219.1
Project("{FAE04EC0-301F-11D3-BF4B-00C04F79EFBC}") = "GethashCode_e_Equals", "GethashCode_e_Equals\GethashCode_e_Equals.csproj", "{807C9F60-312B-411B-BCDD-A69F83BA51CD}"
EndProject
Global
	GlobalSection(SolutionConfigurationPlatforms) = preSolution
		Debug|Any CPU = Debug|Any CPU
		Release|Any CPU = Release|Any CPU
	EndGlobalSection
	GlobalSection(ProjectConfigurationPlatforms) = postSolution
		{807C9F60-312B-411B-BCDD-A69F83BA51CD}.Debug|Any CPU.ActiveCfg = Debug|Any CPU
		{807C9F60-312B-411B-BCDD-A69F83BA51CD}.Debug|Any CPU.Build.0 = Debug|Any CPU
		{807C9F60-312B-411B-BCDD-A69F83BA51CD}.Release|Any CPU.ActiveCfg = Release|Any CPU
		{807C9F60-312B-411B-BCDD-A69F83BA51CD}.Release|Any CPU.Build.0 = Release|Any CPU
	EndGlobalSection
	GlobalSection(SolutionProperties) = preSolution
		HideSolutionNode = FALSE
	EndGlobalSection
	GlobalSection(ExtensibilityGlobals) = postSolution
		SolutionGuid = {A11F23BA-9FE3-411D-A077-5A79A01B2A78}
	EndGlobalSection
EndGlobal
